// !$*UTF8*$!
{
	archiveVersion = 1;
	classes = {
	};
	objectVersion = 50;
	objects = {

/* Begin PBXBuildFile section */
		5701C8012113243900B0BC9D /* nssl04.png in Resources */ = {isa = PBXBuildFile; fileRef = 5701C7FC2113243900B0BC9D /* nssl04.png */; };
		5701C8022113243900B0BC9D /* nssl05.png in Resources */ = {isa = PBXBuildFile; fileRef = 5701C7FD2113243900B0BC9D /* nssl05.png */; };
		5701C8032113243900B0BC9D /* nssl01.png in Resources */ = {isa = PBXBuildFile; fileRef = 5701C7FE2113243900B0BC9D /* nssl01.png */; };
		5701C8042113243900B0BC9D /* nssl02.png in Resources */ = {isa = PBXBuildFile; fileRef = 5701C7FF2113243900B0BC9D /* nssl02.png */; };
		5701C8052113243900B0BC9D /* nssl03.png in Resources */ = {isa = PBXBuildFile; fileRef = 5701C8002113243900B0BC9D /* nssl03.png */; };
		57A30623211415CC006027A6 /* DetailViewController.swift in Sources */ = {isa = PBXBuildFile; fileRef = 57A30622211415CC006027A6 /* DetailViewController.swift */; };
		57DD5B1B2112DEF200D3064D /* AppDelegate.swift in Sources */ = {isa = PBXBuildFile; fileRef = 57DD5B1A2112DEF200D3064D /* AppDelegate.swift */; };
		57DD5B1D2112DEF200D3064D /* ViewController.swift in Sources */ = {isa = PBXBuildFile; fileRef = 57DD5B1C2112DEF200D3064D /* ViewController.swift */; };
		57DD5B202112DEF200D3064D /* Main.storyboard in Resources */ = {isa = PBXBuildFile; fileRef = 57DD5B1E2112DEF200D3064D /* Main.storyboard */; };
		57DD5B222112DEF300D3064D /* Assets.xcassets in Resources */ = {isa = PBXBuildFile; fileRef = 57DD5B212112DEF300D3064D /* Assets.xcassets */; };
		57DD5B252112DEF300D3064D /* LaunchScreen.storyboard in Resources */ = {isa = PBXBuildFile; fileRef = 57DD5B232112DEF300D3064D /* LaunchScreen.storyboard */; };
/* End PBXBuildFile section */

/* Begin PBXFileReference section */
		5701C7FC2113243900B0BC9D /* nssl04.png */ = {isa = PBXFileReference; lastKnownFileType = image.png; path = nssl04.png; sourceTree = "<group>"; };
		5701C7FD2113243900B0BC9D /* nssl05.png */ = {isa = PBXFileReference; lastKnownFileType = image.png; path = nssl05.png; sourceTree = "<group>"; };
		5701C7FE2113243900B0BC9D /* nssl01.png */ = {isa = PBXFileReference; lastKnownFileType = image.png; path = nssl01.png; sourceTree = "<group>"; };
		5701C7FF2113243900B0BC9D /* nssl02.png */ = {isa = PBXFileReference; lastKnownFileType = image.png; path = nssl02.png; sourceTree = "<group>"; };
		5701C8002113243900B0BC9D /* nssl03.png */ = {isa = PBXFileReference; lastKnownFileType = image.png; path = nssl03.png; sourceTree = "<group>"; };
		57A3062121141205006027A6 /* Base */ = {isa = PBXFileReference; lastKnownFileType = file.storyboard; name = Base; path = Base.lproj/Main.storyboard; sourceTree = "<group>"; };
		57A30622211415CC006027A6 /* DetailViewController.swift */ = {isa = PBXFileReference; lastKnownFileType = sourcecode.swift; path = DetailViewController.swift; sourceTree = "<group>"; };
		57DD5B172112DEF200D3064D /* StormViewer.app */ = {isa = PBXFileReference; explicitFileType = wrapper.application; includeInIndex = 0; path = StormViewer.app; sourceTree = BUILT_PRODUCTS_DIR; };
		57DD5B1A2112DEF200D3064D /* AppDelegate.swift */ = {isa = PBXFileReference; lastKnownFileType = sourcecode.swift; path = AppDelegate.swift; sourceTree = "<group>"; };
		57DD5B1C2112DEF200D3064D /* ViewController.swift */ = {isa = PBXFileReference; lastKnownFileType = sourcecode.swift; path = ViewController.swift; sourceTree = "<group>"; };
		57DD5B212112DEF300D3064D /* Assets.xcassets */ = {isa = PBXFileReference; lastKnownFileType = folder.assetcatalog; path = Assets.xcassets; sourceTree = "<group>"; };
		57DD5B242112DEF300D3064D /* Base */ = {isa = PBXFileReference; lastKnownFileType = file.storyboard; name = Base; path = Base.lproj/LaunchScreen.storyboard; sourceTree = "<group>"; };
		57DD5B262112DEF300D3064D /* Info.plist */ = {isa = PBXFileReference; lastKnownFileType = text.plist.xml; path = Info.plist; sourceTree = "<group>"; };
/* End PBXFileReference section */

/* Begin PBXFrameworksBuildPhase section */
		57DD5B142112DEF200D3064D /* Frameworks */ = {
			isa = PBXFrameworksBuildPhase;
			buildActionMask = 2147483647;
			files = (
			);
			runOnlyForDeploymentPostprocessing = 0;
		};
/* End PBXFrameworksBuildPhase section */

/* Begin PBXGroup section */
		57DD5B0E2112DEF100D3064D = {
			isa = PBXGroup;
			children = (
				57DD5B192112DEF200D3064D /* StormViewer */,
				57DD5B182112DEF200D3064D /* Products */,
			);
			sourceTree = "<group>";
		};
		57DD5B182112DEF200D3064D /* Products */ = {
			isa = PBXGroup;
			children = (
				57DD5B172112DEF200D3064D /* StormViewer.app */,
			);
			name = Products;
			sourceTree = "<group>";
		};
		57DD5B192112DEF200D3064D /* StormViewer */ = {
			isa = PBXGroup;
			children = (
				5701C7FE2113243900B0BC9D /* nssl01.png */,
				5701C7FF2113243900B0BC9D /* nssl02.png */,
				5701C8002113243900B0BC9D /* nssl03.png */,
				5701C7FC2113243900B0BC9D /* nssl04.png */,
				5701C7FD2113243900B0BC9D /* nssl05.png */,
				57DD5B1A2112DEF200D3064D /* AppDelegate.swift */,
				57DD5B1C2112DEF200D3064D /* ViewController.swift */,
				57DD5B1E2112DEF200D3064D /* Main.storyboard */,
				57A30622211415CC006027A6 /* DetailViewController.swift */,
				57DD5B212112DEF300D3064D /* Assets.xcassets */,
				57DD5B232112DEF300D3064D /* LaunchScreen.storyboard */,
				57DD5B262112DEF300D3064D /* Info.plist */,
			);
			path = StormViewer;
			sourceTree = "<group>";
		};
/* End PBXGroup section */

/* Begin PBXNativeTarget section */
		57DD5B162112DEF200D3064D /* StormViewer */ = {
			isa = PBXNativeTarget;
			buildConfigurationList = 57DD5B292112DEF300D3064D /* Build configuration list for PBXNativeTarget "StormViewer" */;
			buildPhases = (
				57DD5B132112DEF200D3064D /* Sources */,
				57DD5B142112DEF200D3064D /* Frameworks */,
				57DD5B152112DEF200D3064D /* Resources */,
			);
			buildRules = (
			);
			dependencies = (
			);
			name = StormViewer;
			productName = StormViewer;
			productReference = 57DD5B172112DEF200D3064D /* StormViewer.app */;
			productType = "com.apple.product-type.application";
		};
/* End PBXNativeTarget section */

/* Begin PBXProject section */
		57DD5B0F2112DEF100D3064D /* Project object */ = {
			isa = PBXProject;
			attributes = {
				LastSwiftUpdateCheck = 0940;
				LastUpgradeCheck = 0940;
				ORGANIZATIONNAME = "Khai Lee";
				TargetAttributes = {
					57DD5B162112DEF200D3064D = {
						CreatedOnToolsVersion = 9.4.1;
					};
				};
			};
			buildConfigurationList = 57DD5B122112DEF100D3064D /* Build configuration list for PBXProject "StormViewer" */;
			compatibilityVersion = "Xcode 9.3";
			developmentRegion = en;
			hasScannedForEncodings = 0;
			knownRegions = (
				en,
				Base,
			);
			mainGroup = 57DD5B0E2112DEF100D3064D;
			productRefGroup = 57DD5B182112DEF200D3064D /* Products */;
			projectDirPath = "";
			projectRoot = "";
			targets = (
				57DD5B162112DEF200D3064D /* StormViewer */,
			);
		};
/* End PBXProject section */

/* Begin PBXResourcesBuildPhase section */
		57DD5B152112DEF200D3064D /* Resources */ = {
			isa = PBXResourcesBuildPhase;
			buildActionMask = 2147483647;
			files = (
				5701C8052113243900B0BC9D /* nssl03.png in Resources */,
				57DD5B252112DEF300D3064D /* LaunchScreen.storyboard in Resources */,
				5701C8042113243900B0BC9D /* nssl02.png in Resources */,
				5701C8022113243900B0BC9D /* nssl05.png in Resources */,
				5701C8032113243900B0BC9D /* nssl01.png in Resources */,
				5701C8012113243900B0BC9D /* nssl04.png in Resources */,
				57DD5B222112DEF300D3064D /* Assets.xcassets in Resources */,
				57DD5B202112DEF200D3064D /* Main.storyboard in Resources */,
			);
			runOnlyForDeploymentPostprocessing = 0;
		};
/* End PBXResourcesBuildPhase section */

/* Begin PBXSourcesBuildPhase section */
		57DD5B132112DEF200D3064D /* Sources */ = {
			isa = PBXSourcesBuildPhase;
			buildActionMask = 2147483647;
			files = (
				57A30623211415CC006027A6 /* DetailViewController.swift in Sources */,
				57DD5B1D2112DEF200D3064D /* ViewController.swift in Sources */,
				57DD5B1B2112DEF200D3064D /* AppDelegate.swift in Sources */,
			);
			runOnlyForDeploymentPostprocessing = 0;
		};
/* End PBXSourcesBuildPhase section */

/* Begin PBXVariantGroup section */
		57DD5B1E2112DEF200D3064D /* Main.storyboard */ = {
			isa = PBXVariantGroup;
			children = (
				57A3062121141205006027A6 /* Base */,
			);
			name = Main.storyboard;
			sourceTree = "<group>";
		};
		57DD5B232112DEF300D3064D /* LaunchScreen.storyboard */ = {
			isa = PBXVariantGroup;
			children = (
				57DD5B242112DEF300D3064D /* Base */,
			);
			name = LaunchScreen.storyboard;
			sourceTree = "<group>";
		};
/* End PBXVariantGroup section */

/* Begin XCBuildConfiguration section */
		57DD5B272112DEF300D3064D /* Debug */ = {
			isa = XCBuildConfiguration;
			buildSettings = {
				ALWAYS_SEARCH_USER_PATHS = NO;
				CLANG_ANALYZER_NONNULL = YES;
				CLANG_ANALYZER_NUMBER_OBJECT_CONVERSION = YES_AGGRESSIVE;
				CLANG_CXX_LANGUAGE_STANDARD = "gnu++14";
				CLANG_CXX_LIBRARY = "libc++";
				CLANG_ENABLE_MODULES = YES;
				CLANG_ENABLE_OBJC_ARC = YES;
				CLANG_ENABLE_OBJC_WEAK = YES;
				CLANG_WARN_BLOCK_CAPTURE_AUTORELEASING = YES;
				CLANG_WARN_BOOL_CONVERSION = YES;
				CLANG_WARN_COMMA = YES;
				CLANG_WARN_CONSTANT_CONVERSION = YES;
				CLANG_WARN_DEPRECATED_OBJC_IMPLEMENTATIONS = YES;
				CLANG_WARN_DIRECT_OBJC_ISA_USAGE = YES_ERROR;
				CLANG_WARN_DOCUMENTATION_COMMENTS = YES;
				CLANG_WARN_EMPTY_BODY = YES;
				CLANG_WARN_ENUM_CONVERSION = YES;
				CLANG_WARN_INFINITE_RECURSION = YES;
				CLANG_WARN_INT_CONVERSION = YES;
				CLANG_WARN_NON_LITERAL_NULL_CONVERSION = YES;
				CLANG_WARN_OBJC_IMPLICIT_RETAIN_SELF = YES;
				CLANG_WARN_OBJC_LITERAL_CONVERSION = YES;
				CLANG_WARN_OBJC_ROOT_CLASS = YES_ERROR;
				CLANG_WARN_RANGE_LOOP_ANALYSIS = YES;
				CLANG_WARN_STRICT_PROTOTYPES = YES;
				CLANG_WARN_SUSPICIOUS_MOVE = YES;
				CLANG_WARN_UNGUARDED_AVAILABILITY = YES_AGGRESSIVE;
				CLANG_WARN_UNREACHABLE_CODE = YES;
				CLANG_WARN__DUPLICATE_METHOD_MATCH = YES;
				CODE_SIGN_IDENTITY = "iPhone Developer";
				COPY_PHASE_STRIP = NO;
				DEBUG_INFORMATION_FORMAT = dwarf;
				ENABLE_STRICT_OBJC_MSGSEND = YES;
				ENABLE_TESTABILITY = YES;
				GCC_C_LANGUAGE_STANDARD = gnu11;
				GCC_DYNAMIC_NO_PIC = NO;
				GCC_NO_COMMON_BLOCKS = YES;
				GCC_OPTIMIZATION_LEVEL = 0;
				GCC_PREPROCESSOR_DEFINITIONS = (
					"DEBUG=1",
					"$(inherited)",
				);
				GCC_WARN_64_TO_32_BIT_CONVERSION = YES;
				GCC_WARN_ABOUT_RETURN_TYPE = YES_ERROR;
				GCC_WARN_UNDECLARED_SELECTOR = YES;
				GCC_WARN_UNINITIALIZED_AUTOS = YES_AGGRESSIVE;
				GCC_WARN_UNUSED_FUNCTION = YES;
				GCC_WARN_UNUSED_VARIABLE = YES;
				IPHONEOS_DEPLOYMENT_TARGET = 11.4;
				MTL_ENABLE_DEBUG_INFO = YES;
				ONLY_ACTIVE_ARCH = YES;
				SDKROOT = iphoneos;
				SWIFT_ACTIVE_COMPILATION_CONDITIONS = DEBUG;
				SWIFT_OPTIMIZATION_LEVEL = "-Onone";
			};
			name = Debug;
		};
		57DD5B282112DEF300D3064D /* Release */ = {
			isa = XCBuildConfiguration;
			buildSettings = {
				ALWAYS_SEARCH_USER_PATHS = NO;
				CLANG_ANALYZER_NONNULL = YES;
				CLANG_ANALYZER_NUMBER_OBJECT_CONVERSION = YES_AGGRESSIVE;
				CLANG_CXX_LANGUAGE_STANDARD = "gnu++14";
				CLANG_CXX_LIBRARY = "libc++";
				CLANG_ENABLE_MODULES = YES;
				CLANG_ENABLE_OBJC_ARC = YES;
				CLANG_ENABLE_OBJC_WEAK = YES;
				CLANG_WARN_BLOCK_CAPTURE_AUTORELEASING = YES;
				CLANG_WARN_BOOL_CONVERSION = YES;
				CLANG_WARN_COMMA = YES;
				CLANG_WARN_CONSTANT_CONVERSION = YES;
				CLANG_WARN_DEPRECATED_OBJC_IMPLEMENTATIONS = YES;
				CLANG_WARN_DIRECT_OBJC_ISA_USAGE = YES_ERROR;
				CLANG_WARN_DOCUMENTATION_COMMENTS = YES;
				CLANG_WARN_EMPTY_BODY = YES;
				CLANG_WARN_ENUM_CONVERSION = YES;
				CLANG_WARN_INFINITE_RECURSION = YES;
				CLANG_WARN_INT_CONVERSION = YES;
				CLANG_WARN_NON_LITERAL_NULL_CONVERSION = YES;
				CLANG_WARN_OBJC_IMPLICIT_RETAIN_SELF = YES;
				CLANG_WARN_OBJC_LITERAL_CONVERSION = YES;
				CLANG_WARN_OBJC_ROOT_CLASS = YES_ERROR;
				CLANG_WARN_RANGE_LOOP_ANALYSIS = YES;
				CLANG_WARN_STRICT_PROTOTYPES = YES;
				CLANG_WARN_SUSPICIOUS_MOVE = YES;
				CLANG_WARN_UNGUARDED_AVAILABILITY = YES_AGGRESSIVE;
				CLANG_WARN_UNREACHABLE_CODE = YES;
				CLANG_WARN__DUPLICATE_METHOD_MATCH = YES;
				CODE_SIGN_IDENTITY = "iPhone Developer";
				COPY_PHASE_STRIP = NO;
				DEBUG_INFORMATION_FORMAT = "dwarf-with-dsym";
				ENABLE_NS_ASSERTIONS = NO;
				ENABLE_STRICT_OBJC_MSGSEND = YES;
				GCC_C_LANGUAGE_STANDARD = gnu11;
				GCC_NO_COMMON_BLOCKS = YES;
				GCC_WARN_64_TO_32_BIT_CONVERSION = YES;
				GCC_WARN_ABOUT_RETURN_TYPE = YES_ERROR;
				GCC_WARN_UNDECLARED_SELECTOR = YES;
				GCC_WARN_UNINITIALIZED_AUTOS = YES_AGGRESSIVE;
				GCC_WARN_UNUSED_FUNCTION = YES;
				GCC_WARN_UNUSED_VARIABLE = YES;
				IPHONEOS_DEPLOYMENT_TARGET = 11.4;
				MTL_ENABLE_DEBUG_INFO = NO;
				SDKROOT = iphoneos;
				SWIFT_COMPILATION_MODE = wholemodule;
				SWIFT_OPTIMIZATION_LEVEL = "-O";
				VALIDATE_PRODUCT = YES;
			};
			name = Release;
		};
		57DD5B2A2112DEF300D3064D /* Debug */ = {
			isa = XCBuildConfiguration;
			buildSettings = {
				ASSETCATALOG_COMPILER_APPICON_NAME = AppIcon;
				CODE_SIGN_STYLE = Automatic;
				DEVELOPMENT_TEAM = 95HV878579;
				INFOPLIST_FILE = StormViewer/Info.plist;
				LD_RUNPATH_SEARCH_PATHS = (
					"$(inherited)",
					"@executable_path/Frameworks",
				);
				PRODUCT_BUNDLE_IDENTIFIER = com.Leekhai.StormViewer;
				PRODUCT_NAME = "$(TARGET_NAME)";
				SWIFT_VERSION = 4.0;
				TARGETED_DEVICE_FAMILY = "1,2";
			};
			name = Debug;
		};
		57DD5B2B2112DEF300D3064D /* Release */ = {
			isa = XCBuildConfiguration;
			buildSettings = {
				ASSETCATALOG_COMPILER_APPICON_NAME = AppIcon;
				CODE_SIGN_STYLE = Automatic;
				DEVELOPMENT_TEAM = 95HV878579;
				INFOPLIST_FILE = StormViewer/Info.plist;
				LD_RUNPATH_SEARCH_PATHS = (
					"$(inherited)",
					"@executable_path/Frameworks",
				);
				PRODUCT_BUNDLE_IDENTIFIER = com.Leekhai.StormViewer;
				PRODUCT_NAME = "$(TARGET_NAME)";
				SWIFT_VERSION = 4.0;
				TARGETED_DEVICE_FAMILY = "1,2";
			};
			name = Release;
		};
/* End XCBuildConfiguration section */

/* Begin XCConfigurationList section */
		57DD5B122112DEF100D3064D /* Build configuration list for PBXProject "StormViewer" */ = {
			isa = XCConfigurationList;
			buildConfigurations = (
				57DD5B272112DEF300D3064D /* Debug */,
				57DD5B282112DEF300D3064D /* Release */,
			);
			defaultConfigurationIsVisible = 0;
			defaultConfigurationName = Release;
		};
		57DD5B292112DEF300D3064D /* Build configuration list for PBXNativeTarget "StormViewer" */ = {
			isa = XCConfigurationList;
			buildConfigurations = (
				57DD5B2A2112DEF300D3064D /* Debug */,
				57DD5B2B2112DEF300D3064D /* Release */,
			);
			defaultConfigurationIsVisible = 0;
			defaultConfigurationName = Release;
		};
/* End XCConfigurationList section */
	};
	rootObject = 57DD5B0F2112DEF100D3064D /* Project object */;
}
